<?xml version="1.0" encoding="utf-8"?>
<Project ToolsVersion="4.0" xmlns="http://schemas.microsoft.com/developer/msbuild/2003">
  <ItemGroup>
    <ClCompile Include="QPS\parser\QueryBuilder.cpp" />
    <ClCompile Include="QPS\parser\QueryLexer.cpp" />
    <ClCompile Include="QPS\parser\QueryParser.cpp" />
    <ClCompile Include="QPS\parser\SyntaxError.cpp" />
    <ClCompile Include="PKB\manager\FollowsManager.cpp" />
    <ClCompile Include="PKB\manager\ModifiesManager.cpp" />
    <ClCompile Include="PKB\manager\ParentManager.cpp" />
    <ClCompile Include="PKB\manager\NextManager.cpp" />
    <ClCompile Include="PKB\manager\CallsManager.cpp" />
    <ClCompile Include="PKB\manager\StatementManager.cpp" />
    <ClCompile Include="PKB\manager\UsesManager.cpp" />
	<ClCompile Include="PKB\store\ManyToManyRelation\CallsRelationStore.cpp" />
	<ClCompile Include="PKB\store\ManyToManyRelation\NextRelationStore.cpp" />
	<ClCompile Include="PKB\store\OneToManyRelation\ParentRelationStore.cpp" />
    <ClCompile Include="PKB\store\Pattern\PatternStore.cpp" />
    <ClCompile Include="PKB\store\Pattern\PatternWithExprStore.cpp" />
    <ClCompile Include="PKB\PKB.cpp" />
    <ClCompile Include="PKB\ReadPKBManager.cpp" />
    <ClCompile Include="PKB\WritePKBManager.cpp" />
    <ClCompile Include="QPS\parser\QueryBuilder.cpp" />
    <ClCompile Include="QPS\parser\QueryLexer.cpp" />
    <ClCompile Include="QPS\parser\QueryParser.cpp" />
    <ClCompile Include="QPS\parser\SemanticError.cpp" />
    <ClCompile Include="QPS\parser\SyntaxError.cpp" />
    <ClCompile Include="QPS\pattern\AssignPattern.cpp" />
    <ClCompile Include="QPS\query_result\QueryResult.cpp" />
    <ClCompile Include="QPS\query_result\ResWrapper.cpp" />
    <ClCompile Include="QPS\query_result\SetRes.cpp" />
    <ClCompile Include="QPS\query_result\TableRes.cpp" />
    <ClCompile Include="QPS\reference\AssignRef.cpp" />
    <ClCompile Include="QPS\reference\CallRef.cpp" />
    <ClCompile Include="QPS\reference\ConstRef.cpp" />
    <ClCompile Include="QPS\reference\EntityRef.cpp" />
    <ClCompile Include="QPS\reference\IfRef.cpp" />
    <ClCompile Include="QPS\reference\IntValueableRef.cpp" />
    <ClCompile Include="QPS\reference\PrintRef.cpp" />
    <ClCompile Include="QPS\reference\ProcRef.cpp" />
    <ClCompile Include="QPS\reference\ReadRef.cpp" />
    <ClCompile Include="QPS\reference\StmtRef.cpp" />
    <ClCompile Include="QPS\reference\VarRef.cpp" />
    <ClCompile Include="QPS\reference\WhileRef.cpp" />
    <ClCompile Include="QPS\relation\FollowsRel.cpp" />
    <ClCompile Include="QPS\relation\FollowsTRel.cpp" />
    <ClCompile Include="QPS\relation\ModifiesPRel.cpp" />
    <ClCompile Include="QPS\relation\ModifiesSRel.cpp" />
    <ClCompile Include="QPS\relation\ParentRel.cpp" />
    <ClCompile Include="QPS\relation\ParentTRel.cpp" />
    <ClCompile Include="QPS\relation\ProcVarRel.cpp" />
    <ClCompile Include="QPS\relation\Rel.cpp" />
    <ClCompile Include="QPS\relation\StmtStmtRel.cpp" />
    <ClCompile Include="QPS\relation\StmtVarRel.cpp" />
    <ClCompile Include="QPS\relation\UsesPRel.cpp" />
    <ClCompile Include="QPS\relation\UsesSRel.cpp" />
    <ClCompile Include="QPS\stub\ReadPKBManagerStub.cpp" />
    <ClCompile Include="QPS\stub\RelationStubFactory.cpp" />
    <ClCompile Include="QPS\Clause.cpp" />
    <ClCompile Include="QPS\DataRetriever.cpp" />
    <ClCompile Include="QPS\Query.cpp" />
    <ClCompile Include="QPS\QueryEvaluator.cpp" />
    <ClCompile Include="QPS\ResultExtractor.cpp" />
    <ClCompile Include="SP\design_extractor\EntityExtractor.cpp" />
    <ClCompile Include="SP\design_extractor\FollowsExtractor.cpp" />
    <ClCompile Include="SP\design_extractor\ParentsExtractor.cpp" />
    <ClCompile Include="SP\design_extractor\UsesModifiesExtractor.cpp" />
    <ClCompile Include="SP\SourceParser.cpp" />
    <ClCompile Include="SP\SourceValidator.cpp" />
    <ClCompile Include="Utils\algo\SpaAlgo.cpp" />
    <ClCompile Include="Utils\algo\TopoCycle.cpp" />
    <ClCompile Include="Utils\expression\ExactExprSpec.cpp" />
    <ClCompile Include="Utils\expression\Expr.cpp" />
    <ClCompile Include="Utils\expression\ExprSpec.cpp" />
    <ClCompile Include="Utils\expression\PartialExprSpec.cpp" />
    <ClCompile Include="Utils\expression\WildcardExprSpec.cpp" />
    <ClCompile Include="Utils\InvalidTokenException.cpp" />
    <ClCompile Include="Utils\StringTokenizer.cpp" />
    <ClCompile Include="Utils\Token.cpp" />
    <ClCompile Include="Utils\Tokenizer.cpp" />
    <ClCompile Include="QPS\relation\ProcProcRel.cpp" />
    <ClCompile Include="SP\ast\AssignStatementASTNode.cpp" />
    <ClCompile Include="SP\ast\ASTNode.cpp" />
    <ClCompile Include="SP\ast\CallStatementASTNode.cpp" />
    <ClCompile Include="SP\ast\ConditionExpression.cpp" />
    <ClCompile Include="SP\ast\IfStatementASTNode.cpp" />
    <ClCompile Include="SP\ast\PrintStatementASTNode.cpp" />
    <ClCompile Include="SP\ast\ProcedureASTNode.cpp" />
    <ClCompile Include="SP\ast\ProgramNode.cpp" />
    <ClCompile Include="SP\ast\ReadStatementASTNode.cpp" />
    <ClCompile Include="SP\ast\StatementASTNode.cpp" />
    <ClCompile Include="SP\ast\WhileStatementASTNode.cpp" />
    <ClCompile Include="SP\tokenizer\SourceLexer.cpp" />
    <ClCompile Include="SP\tokenizer\SourceToken.cpp" />
    <ClCompile Include="SP\DesignExtractor.cpp" />
    <ClCompile Include="QPS\pattern\IfPattern.cpp" />
    <ClCompile Include="QPS\pattern\Pattern.cpp" />
    <ClCompile Include="QPS\with_clause\With.cpp" />
    <ClCompile Include="SP\design_extractor\CallsExtractor.cpp" />
    <ClCompile Include="QPS\query_result\Table.cpp" />
    <ClCompile Include="SP\cfg\CFGBuilder.cpp" />
    <ClCompile Include="SP\cfg\ControlFlowNode.cpp" />
    <ClCompile Include="QPS\ClauseGroup.cpp" />
    <ClCompile Include="QPS\clause_grouper\ClauseGrouper.cpp" />
    <ClCompile Include="QPS\clause_grouper\SimpleClauseGrouper.cpp" />
    <ClCompile Include="SP\design_extractor\NextExtractor.cpp" />
    <ClCompile Include="QPS\pattern\WhilePattern.cpp" />
    <ClCompile Include="QPS\relation\AffectsRel.cpp" />
    <ClCompile Include="QPS\relation\AffectsTRel.cpp" />
    <ClCompile Include="QPS\relation\CallsRel.cpp" />
    <ClCompile Include="QPS\relation\CallsTRel.cpp" />
    <ClCompile Include="QPS\relation\NextRel.cpp" />
    <ClCompile Include="QPS\relation\NextTRel.cpp" />
    <ClCompile Include="QPS\query_result\WilrdcardTable.cpp" />
    <ClCompile Include="QPS\optimization\ClauseGroup.cpp" />
    <ClCompile Include="Utils\algo\DisjointSetUnion.cpp" />
  </ItemGroup>
  <ItemGroup>
    <ClInclude Include="Utils\type\TupleType.h" />
    <ClInclude Include="QPS\query_result\ResTable.h" />
    <ClInclude Include="PKB\store\RelationStore.h" />
    <ClInclude Include="QPS\reference\RefType.h" />
    <ClInclude Include="QPS\parser\QueryBuilder.h" />
    <ClInclude Include="QPS\parser\QueryLexer.h" />
    <ClInclude Include="QPS\parser\QueryParser.h" />
    <ClInclude Include="QPS\parser\SyntaxError.h" />
    <ClInclude Include="PKB\manager\ConstantManager.h" />
    <ClInclude Include="PKB\manager\EntityManager.h" />
    <ClInclude Include="PKB\manager\FollowsManager.h" />
    <ClInclude Include="PKB\manager\ModifiesManager.h" />
    <ClInclude Include="PKB\manager\ParentManager.h" />
    <ClInclude Include="PKB\manager\NextManager.h" />
    <ClInclude Include="PKB\manager\CallsManager.h" />
    <ClInclude Include="PKB\manager\AssignPatternManager.h" />
    <ClInclude Include="PKB\manager\IfPatternManager.h" />
    <ClInclude Include="PKB\manager\WhilePatternManager.h" />
    <ClInclude Include="PKB\manager\ProcedureManager.h" />
    <ClInclude Include="PKB\manager\StatementManager.h" />
    <ClInclude Include="PKB\manager\UsesManager.h" />
    <ClInclude Include="PKB\manager\VariableManager.h" />
    <ClInclude Include="PKB\store\ManyToManyRelation\ManyToManyRelationStore.h" />
    <ClInclude Include="PKB\store\ManyToManyRelation\ManyToManyTransitiveRelationStore.h" />
    <ClInclude Include="PKB\store\ManyToManyRelation\CallsRelationStore.h" />
    <ClInclude Include="PKB\store\ManyToManyRelation\NextRelationStore.h" />
    <ClInclude Include="PKB\store\ManyToOneRelation\ManyToOneRelationStore.h" />
    <ClInclude Include="PKB\store\OneToManyRelation\OneToManyRelationStore.h" />
    <ClInclude Include="PKB\store\OneToManyRelation\OneToManyTransitiveRelationStore.h" />
    <ClInclude Include="PKB\store\OneToManyRelation\ParentRelationStore.h" />
    <ClInclude Include="PKB\store\OneToOneRelation\OneToOneRelationStore.h" />
    <ClInclude Include="PKB\store\OneToOneRelation\OneToOneTransitiveRelationStore.h" />
    <ClInclude Include="PKB\store\OneToOneRelation\FollowsRelationStore.h" />
    <ClInclude Include="PKB\store\Pattern\PatternStore.h" />
    <ClInclude Include="PKB\store\Pattern\PatternWithExprStore.h" />
    <ClInclude Include="PKB\PKB.h" />
    <ClInclude Include="PKB\ReadPKBManager.h" />
    <ClInclude Include="PKB\WritePKBManager.h" />
    <ClInclude Include="QPS\parser\QueryBuilder.h" />
    <ClInclude Include="QPS\parser\QueryLexer.h" />
    <ClInclude Include="QPS\parser\QueryParser.h" />
    <ClInclude Include="QPS\parser\SemanticError.h" />
    <ClInclude Include="QPS\parser\SyntaxError.h" />
    <ClInclude Include="QPS\pattern\AssignPattern.h" />
    <ClInclude Include="QPS\query_result\QueryResult.h" />
    <ClInclude Include="QPS\query_result\ResType.h" />
    <ClInclude Include="QPS\query_result\ResWrapper.h" />
    <ClInclude Include="QPS\query_result\SetRes.h" />
    <ClInclude Include="QPS\query_result\TableRes.h" />
    <ClInclude Include="QPS\reference\AssignRef.h" />
    <ClInclude Include="QPS\reference\CallRef.h" />
    <ClInclude Include="QPS\reference\ConstRef.h" />
    <ClInclude Include="QPS\reference\EntityRef.h" />
    <ClInclude Include="QPS\reference\IfRef.h" />
    <ClInclude Include="QPS\reference\IntValueableRef.h" />
    <ClInclude Include="QPS\reference\PrintRef.h" />
    <ClInclude Include="QPS\reference\ProcRef.h" />
    <ClInclude Include="QPS\reference\ReadRef.h" />
    <ClInclude Include="QPS\reference\Ref.h" />
    <ClInclude Include="QPS\reference\StmtRef.h" />
    <ClInclude Include="QPS\reference\ValType.h" />
    <ClInclude Include="QPS\reference\VarRef.h" />
    <ClInclude Include="QPS\reference\WhileRef.h" />
    <ClInclude Include="QPS\relation\FollowsRel.h" />
    <ClInclude Include="QPS\relation\FollowsTRel.h" />
    <ClInclude Include="QPS\relation\ModifiesPRel.h" />
    <ClInclude Include="QPS\relation\ModifiesSRel.h" />
    <ClInclude Include="QPS\relation\ParentRel.h" />
    <ClInclude Include="QPS\relation\ParentTRel.h" />
    <ClInclude Include="QPS\relation\ProcVarRel.h" />
    <ClInclude Include="QPS\relation\Rel.h" />
    <ClInclude Include="QPS\relation\StmtStmtRel.h" />
    <ClInclude Include="QPS\relation\StmtVarRel.h" />
    <ClInclude Include="QPS\relation\UsesPRel.h" />
    <ClInclude Include="QPS\relation\UsesSRel.h" />
    <ClInclude Include="QPS\stub\ReadPKBManagerStub.h" />
    <ClInclude Include="QPS\stub\RelationStubFactory.h" />
    <ClInclude Include="QPS\Clause.h" />
    <ClInclude Include="QPS\DataRetriever.h" />
    <ClInclude Include="QPS\Query.h" />
    <ClInclude Include="QPS\QueryEvaluator.h" />
    <ClInclude Include="QPS\ResultExtractor.h" />
    <ClInclude Include="SP\design_extractor\EntityExtractor.h" />
    <ClInclude Include="SP\design_extractor\Extractable.h" />
    <ClInclude Include="SP\design_extractor\FollowsExtractor.h" />
    <ClInclude Include="SP\design_extractor\NodeExtractor.h" />
    <ClInclude Include="SP\design_extractor\ParentsExtractor.h" />
    <ClInclude Include="SP\design_extractor\UsesModifiesExtractor.h" />
    <ClInclude Include="SP\SourceParser.h" />
    <ClInclude Include="SP\SourceValidator.h" />
    <ClInclude Include="Utils\algo\SpaAlgo.h" />
    <ClInclude Include="Utils\algo\TopoCycle.h" />
    <ClInclude Include="Utils\expression\ExactExprSpec.h" />
    <ClInclude Include="Utils\expression\Expr.h" />
    <ClInclude Include="Utils\expression\ExprSpec.h" />
    <ClInclude Include="Utils\expression\PartialExprSpec.h" />
    <ClInclude Include="Utils\expression\WildcardExprSpec.h" />
    <ClInclude Include="Utils\type\RefType.h" />
    <ClInclude Include="Utils\type\TypeDef.h" />
    <ClInclude Include="Utils\InvalidTokenException.h" />
    <ClInclude Include="Utils\StringTokenizer.h" />
    <ClInclude Include="Utils\Token.h" />
    <ClInclude Include="Utils\Tokenizer.h" />
    <ClInclude Include="QPS\relation\ProcProcRel.h" />
    <ClInclude Include="QPS\relation\CallsRel.h" />
    <ClInclude Include="QPS\relation\CallsTRel.h" />
    <ClInclude Include="QPS\relation\NextRel.h" />
    <ClInclude Include="QPS\relation\NextTRel.h" />
    <ClInclude Include="QPS\relation\AffectsRel.h" />
    <ClInclude Include="QPS\relation\AffectsTRel.h" />
    <ClInclude Include="SP\ast\AssignStatementASTNode.h" />
    <ClInclude Include="SP\ast\ASTNode.h" />
    <ClInclude Include="SP\ast\CallStatementASTNode.h" />
    <ClInclude Include="SP\ast\ConditionExpression.h" />
    <ClInclude Include="SP\ast\IfStatementASTNode.h" />
    <ClInclude Include="SP\ast\PrintStatementASTNode.h" />
    <ClInclude Include="SP\ast\ProcedureASTNode.h" />
    <ClInclude Include="SP\ast\ProgramNode.h" />
    <ClInclude Include="SP\ast\ReadStatementASTNode.h" />
    <ClInclude Include="SP\ast\StatementASTNode.h" />
    <ClInclude Include="SP\ast\WhileStatementASTNode.h" />
    <ClInclude Include="SP\tokenizer\SourceLexer.h" />
    <ClInclude Include="SP\tokenizer\SourceToken.h" />
    <ClInclude Include="SP\DesignExtractor.h" />
    <ClInclude Include="QPS\pattern\Pattern.h" />
    <ClInclude Include="QPS\pattern\IfPattern.h" />
    <ClInclude Include="QPS\pattern\WhilePattern.h" />
    <ClInclude Include="QPS\with_clause\With.h" />
    <ClInclude Include="SP\design_extractor\CallsExtractor.h" />
    <ClInclude Include="QPS\reference\TempRef.h" />
    <ClInclude Include="QPS\query_result\Table.h" />
    <ClInclude Include="QPS\query_result\EmptyTable.h" />
    <ClInclude Include="SP\cfg\CFGBuilder.h" />
    <ClInclude Include="SP\cfg\ControlFlowNode.h" />
    <ClInclude Include="QPS\ClauseGroup.h" />
    <ClInclude Include="QPS\clause_grouper\ClauseGrouper.h" />
    <ClInclude Include="QPS\clause_grouper\SimpleClauseGrouper.h" />
    <ClInclude Include="SP\design_extractor\NextExtractor.h" />
    <ClInclude Include="QPS\ClauseType.h" />
    <ClInclude Include="QPS\PriorityManager.h" />
    <ClInclude Include="PKB\store\Entity\EntityStore.h" />
    <ClInclude Include="QPS\query_result\WildcardTable.h" />
  </ItemGroup>
</Project>