<?xml version="1.0" encoding="utf-8"?>
<Project ToolsVersion="4.0" xmlns="http://schemas.microsoft.com/developer/msbuild/2003">
  <ItemGroup>
    <ClCompile Include="Utils\expression\ExactExprSpec.cpp" />
    <ClCompile Include="Utils\expression\PartialExprSpec.cpp" />
    <ClCompile Include="Utils\expression\Expr.cpp" />
    <ClCompile Include="QPS\DataRetriever.cpp" />
    <ClCompile Include="QPS\Clause.cpp" />
    <ClCompile Include="Utils\expression\ExprSpec.cpp" />
    <ClCompile Include="QPS\QueryEvaluator.cpp" />
    <ClCompile Include="QPS\reference\AssignRef.cpp" />
    <ClCompile Include="QPS\reference\CallRef.cpp" />
    <ClCompile Include="QPS\reference\IfRef.cpp" />
    <ClCompile Include="PKB\PKB.cpp" />
    <ClCompile Include="PKB\store\PVRelationStore.cpp" />
    <ClCompile Include="PKB\store\SVRelationStore.cpp" />
    <ClCompile Include="QPS\pattern\Pattern.cpp" />
    <ClCompile Include="QPS\Query.cpp" />
    <ClCompile Include="QPS\reference\ConstRef.cpp" />
    <ClCompile Include="QPS\reference\IntValueableRef.cpp" />
    <ClCompile Include="QPS\reference\PrintRef.cpp" />
    <ClCompile Include="QPS\reference\ProcRef.cpp" />
    <ClCompile Include="QPS\reference\ReadRef.cpp" />
    <ClCompile Include="QPS\reference\StmtRef.cpp" />
    <ClCompile Include="QPS\reference\VarRef.cpp" />
    <ClCompile Include="QPS\reference\WhileRef.cpp" />
    <ClCompile Include="QPS\relation\FollowsRel.cpp" />
    <ClCompile Include="QPS\relation\FollowsTRel.cpp" />
    <ClCompile Include="QPS\relation\ModifiesPRel.cpp" />
    <ClCompile Include="QPS\relation\ModifiesSRel.cpp" />
    <ClCompile Include="QPS\relation\ParentRel.cpp" />
    <ClCompile Include="QPS\relation\Rel.cpp" />
    <ClCompile Include="QPS\relation\UsesPRel.cpp" />
    <ClCompile Include="QPS\relation\UsesSRel.cpp" />
    <ClCompile Include="SP\DesignExtractor.cpp" />
    <ClCompile Include="SP\SourceParser.cpp" />
    <ClCompile Include="QPS\relation\StmtStmtRel.cpp" />
    <ClCompile Include="QPS\relation\StmtVarRel.cpp" />
    <ClCompile Include="Utils\InvalidTokenException.cpp" />
    <ClCompile Include="Utils\StringTokenizer.cpp" />
    <ClCompile Include="Utils\expression\WildcardExprSpec.cpp" />
    <ClCompile Include="Utils\Token.cpp" />
    <ClCompile Include="Utils\Tokenizer.cpp" />
    <ClCompile Include="QPS\relation\ParentTRel.cpp" />
    <ClCompile Include="QPS\relation\ProcVarRel.cpp" />
  </ItemGroup>
  <ItemGroup>
    <ClInclude Include="QPS\reference\Ref.h">
      <Filter>Header Files</Filter>
    </ClInclude>
    <ClInclude Include="QPS\reference\StmtRef.h">
      <Filter>Header Files</Filter>
    </ClInclude>
    <ClInclude Include="QPS\reference\ProcRef.h">
      <Filter>Header Files</Filter>
    </ClInclude>
    <ClInclude Include="QPS\Query.h">
      <Filter>Header Files</Filter>
    </ClInclude>
    <ClInclude Include="QPS\pattern\Pattern.h">
      <Filter>Header Files</Filter>
    </ClInclude>
    <ClInclude Include="QPS\relation\Rel.h">
      <Filter>Header Files</Filter>
    </ClInclude>
    <ClInclude Include="Utils\StringTokenizer.h">
      <Filter>Header Files</Filter>
    </ClInclude>
    <ClInclude Include="SP\DesignExtractor.h">
      <Filter>Header Files</Filter>
    </ClInclude>
    <ClInclude Include="SP\SourceParser.h">
      <Filter>Header Files</Filter>
    </ClInclude>
    <ClInclude Include="PKB\PKB.h">
      <Filter>Header Files</Filter>
    </ClInclude>
	<ClInclude Include="PKB\store\SVRelationStore.h">
      <Filter>Header Files</Filter>
	</ClInclude>
	<ClInclude Include="PKB\store\PVRelationStore.h">
      <Filter>Header Files</Filter>
	</ClInclude>
	<ClInclude Include="PKB\manager\UsesManager.h">
	  <Filter>Header Files</Filter>
	</ClInclude>
	<ClInclude Include="PKB\manager\ModifiesManager.h">
	  <Filter>Header Files</Filter>
	</ClInclude>
    <ClInclude Include="QPS\reference\ValType.h">
      <Filter>Header Files</Filter>
    </ClInclude>
    <ClInclude Include="QPS\reference\VarRef.h">
      <Filter>Header Files</Filter>
    </ClInclude>
    <ClInclude Include="QPS\reference\ConstRef.h">
      <Filter>Header Files</Filter>
    </ClInclude>
    <ClInclude Include="QPS\reference\ReadRef.h">
      <Filter>Header Files</Filter>
    </ClInclude>
    <ClInclude Include="QPS\reference\IntValueableRef.h">
      <Filter>Header Files</Filter>
    </ClInclude>
    <ClInclude Include="QPS\reference\PrintRef.h">
      <Filter>Header Files</Filter>
    </ClInclude>
    <ClInclude Include="QPS\reference\IfRef.h">
      <Filter>Header Files</Filter>
    </ClInclude>
    <ClInclude Include="QPS\reference\WhileRef.h">
      <Filter>Header Files</Filter>
    </ClInclude>
    <ClInclude Include="QPS\reference\CallRef.h">
      <Filter>Header Files</Filter>
    </ClInclude>
    <ClInclude Include="QPS\reference\AssignRef.h">
      <Filter>Header Files</Filter>
    </ClInclude>
    <ClInclude Include="QPS\relation\FollowsRel.h">
      <Filter>Header Files</Filter>
    </ClInclude>
    <ClInclude Include="QPS\relation\FollowsTRel.h">
      <Filter>Header Files</Filter>
    </ClInclude>
    <ClInclude Include="QPS\relation\ParentRel.h">
      <Filter>Header Files</Filter>
    </ClInclude>
    <ClInclude Include="QPS\relation\UsesSRel.h">
      <Filter>Header Files</Filter>
    </ClInclude>
    <ClInclude Include="QPS\relation\ModifiesSRel.h">
      <Filter>Header Files</Filter>
    </ClInclude>
    <ClInclude Include="QPS\relation\UsesPRel.h">
      <Filter>Header Files</Filter>
    </ClInclude>
    <ClInclude Include="QPS\relation\ModifiesPRel.h">
      <Filter>Header Files</Filter>
    </ClInclude>
    <ClInclude Include="Utils\expression\ExprSpec.h">
      <Filter>Header Files</Filter>
    </ClInclude>
    <ClInclude Include="QPS\Clause.h">
      <Filter>Header Files</Filter>
    </ClInclude>
    <ClInclude Include="QPS\DataRetriever.h">
      <Filter>Header Files</Filter>
    </ClInclude>
    <ClInclude Include="QPS\QueryEvaluator.h">
      <Filter>Header Files</Filter>
    </ClInclude>
    <ClInclude Include="Utils\expression\Expr.h">
      <Filter>Header Files</Filter>
    </ClInclude>
    <ClInclude Include="Utils\expression\WildcardExprSpec.h">
      <Filter>Header Files</Filter>
    </ClInclude>
    <ClInclude Include="Utils\expression\ExactExprSpec.h">
      <Filter>Header Files</Filter>
    </ClInclude>
    <ClInclude Include="Utils\expression\PartialExprSpec.h">
      <Filter>Header Files</Filter>
    </ClInclude>
    <ClInclude Include="QPS\reference\RefType.h">
      <Filter>Header Files</Filter>
    </ClInclude>
    <ClInclude Include="QPS\relation\StmtStmtRel.h">
      <Filter>Header Files</Filter>
    </ClInclude>
    <ClInclude Include="QPS\relation\StmtVarRel.h">
      <Filter>Header Files</Filter>
    </ClInclude>
    <ClInclude Include="QPS\relation\ProcVarRel.h">
	  <Filter>Header Files</Filter>
	</ClInclude>
    <ClInclude Include="Utils\Token.h">
      <Filter>Header Files</Filter>
    </ClInclude>
    <ClInclude Include="QPS\relation\ParentTRel.h">
		<Filter>Header Files</Filter>
	</ClInclude>
    <ClInclude Include="Utils\Tokenizer.h">
      <Filter>Header Files</Filter>
    </ClInclude>
    <ClInclude Include="Utils\InvalidTokenException.h">
      <Filter>Header Files</Filter>
    </ClInclude>
  </ItemGroup>
  <ItemGroup>
    <ClCompile Include="QPS\reference\StmtRef.cpp">
      <Filter>Source Files</Filter>
    </ClCompile>
    <ClCompile Include="QPS\reference\ProcRef.cpp">
      <Filter>Source Files</Filter>
    </ClCompile>
    <ClCompile Include="QPS\Query.cpp">
      <Filter>Source Files</Filter>
    </ClCompile>
    <ClCompile Include="QPS\pattern\Pattern.cpp">
      <Filter>Source Files</Filter>
    </ClCompile>
    <ClCompile Include="QPS\relation\Rel.cpp">
      <Filter>Source Files</Filter>
    </ClCompile>
    <ClCompile Include="Utils\StringTokenizer.cpp">
      <Filter>Source Files</Filter>
    </ClCompile>
    <ClCompile Include="SP\DesignExtractor.cpp">
      <Filter>Source Files</Filter>
    </ClCompile>
    <ClCompile Include="SP\SourceParser.cpp">
      <Filter>Source Files</Filter>
    </ClCompile>
    <ClCompile Include="PKB\PKB.cpp">
      <Filter>Source Files</Filter>
    </ClCompile>
	<ClCompile Include="PKB\store\SVRelationStore.cpp">
	  <Filter>Source Files</Filter>
	</ClCompile>
	<ClCompile Include="PKB\store\PVRelationStore.cpp">
	  <Filter>Source Files</Filter>
	</ClCompile>
    <ClCompile Include="QPS\reference\VarRef.cpp">
      <Filter>Source Files</Filter>
    </ClCompile>
    <ClCompile Include="QPS\reference\ConstRef.cpp">
      <Filter>Source Files</Filter>
    </ClCompile>
    <ClCompile Include="QPS\reference\ReadRef.cpp">
      <Filter>Source Files</Filter>
    </ClCompile>
    <ClCompile Include="QPS\reference\IntValueableRef.cpp">
      <Filter>Source Files</Filter>
    </ClCompile>
    <ClCompile Include="QPS\reference\PrintRef.cpp">
      <Filter>Source Files</Filter>
    </ClCompile>
    <ClCompile Include="QPS\reference\IfRef.cpp">
      <Filter>Source Files</Filter>
    </ClCompile>
    <ClCompile Include="QPS\reference\WhileRef.cpp">
      <Filter>Source Files</Filter>
    </ClCompile>
    <ClCompile Include="QPS\reference\CallRef.cpp">
      <Filter>Source Files</Filter>
    </ClCompile>
    <ClCompile Include="QPS\reference\AssignRef.cpp">
      <Filter>Source Files</Filter>
    </ClCompile>
    <ClCompile Include="QPS\relation\FollowsRel.cpp">
      <Filter>Source Files</Filter>
    </ClCompile>
    <ClCompile Include="QPS\relation\FollowsTRel.cpp">
      <Filter>Source Files</Filter>
    </ClCompile>
    <ClCompile Include="QPS\relation\ParentRel.cpp">
      <Filter>Source Files</Filter>
    </ClCompile>
    <ClCompile Include="QPS\relation\UsesSRel.cpp">
      <Filter>Source Files</Filter>
    </ClCompile>
    <ClCompile Include="QPS\relation\ModifiesSRel.cpp">
      <Filter>Source Files</Filter>
    </ClCompile>
    <ClCompile Include="QPS\relation\UsesPRel.cpp">
      <Filter>Source Files</Filter>
    </ClCompile>
    <ClCompile Include="QPS\relation\ModifiesPRel.cpp">
      <Filter>Source Files</Filter>
    </ClCompile>
    <ClCompile Include="Utils\expression\ExprSpec.cpp">
      <Filter>Source Files</Filter>
    </ClCompile>
    <ClCompile Include="QPS\Clause.cpp">
      <Filter>Source Files</Filter>
    </ClCompile>
    <ClCompile Include="QPS\DataRetriever.cpp">
      <Filter>Source Files</Filter>
    </ClCompile>
    <ClCompile Include="QPS\QueryEvaluator.cpp">
      <Filter>Source Files</Filter>
    </ClCompile>
    <ClCompile Include="Utils\expression\Expr.cpp">
      <Filter>Source Files</Filter>
    </ClCompile>
    <ClCompile Include="Utils\expression\WildcardExprSpec.cpp">
      <Filter>Source Files</Filter>
    </ClCompile>
    <ClCompile Include="Utils\expression\ExactExprSpec.cpp">
      <Filter>Source Files</Filter>
    </ClCompile>
    <ClCompile Include="Utils\expression\PartialExprSpec.cpp">
      <Filter>Source Files</Filter>
    </ClCompile>
    <ClCompile Include="QPS\relation\StmtStmtRel.cpp">
      <Filter>Source Files</Filter>
    </ClCompile>
    <ClCompile Include="QPS\relation\StmtVarRel.cpp">
      <Filter>Source Files</Filter>
    </ClCompile>
    <ClCompile Include="QPS\relation\ProcVarRel.cpp">
	  <Filter>Source Files</Filter>
	</ClCompile>
    <ClCompile Include="Utils\Token.cpp">
      <Filter>Source Files</Filter>
    </ClCompile>
    <ClCompile Include="Utils\Tokenizer.cpp">
      <Filter>Source Files</Filter>
    </ClCompile>
    <ClCompile Include="QPS\relation\ParentTRel.cpp">
	  <Filter>Source Files</Filter>
	</ClCompile>
    <ClCompile Include="Utils\InvalidTokenException.cpp">
      <Filter>Source Files</Filter>
    </ClCompile>
  </ItemGroup>
</Project>