<?xml version="1.0" encoding="utf-8"?>
<Project ToolsVersion="4.0" xmlns="http://schemas.microsoft.com/developer/msbuild/2003">
  <ItemGroup>
    <ClCompile Include="QPS\query_result\ResWrapper.cpp" />
    <ClCompile Include="QPS\query_result\SetRes.cpp" />
    <ClCompile Include="QPS\query_result\QueryResult.cpp" />
    <ClCompile Include="QPS\query_result\TableRes.cpp" />
    <ClCompile Include="QPS\relation\FollowsRel.cpp" />
    <ClCompile Include="QPS\relation\FollowsTRel.cpp" />
    <ClCompile Include="QPS\relation\ModifiesPRel.cpp" />
    <ClCompile Include="QPS\relation\ModifiesSRel.cpp" />
    <ClCompile Include="QPS\relation\ParentRel.cpp" />
    <ClCompile Include="QPS\relation\ParentTRel.cpp" />
    <ClCompile Include="QPS\relation\ProcVarRel.cpp" />
    <ClCompile Include="QPS\relation\Rel.cpp" />
    <ClCompile Include="QPS\relation\StmtStmtRel.cpp" />
    <ClCompile Include="QPS\relation\StmtVarRel.cpp" />
    <ClCompile Include="QPS\relation\UsesPRel.cpp" />
    <ClCompile Include="QPS\relation\UsesSRel.cpp" />
    <ClCompile Include="QPS\ResultExtractor.cpp" />
    <ClCompile Include="SP\ASTNode.cpp" />
    <ClCompile Include="SP\CallStatementASTNode.cpp" />
    <ClCompile Include="SP\ConditionExpression.cpp" />
    <ClCompile Include="SP\design_extractor\ConstantExtractor.cpp" />
    <ClCompile Include="SP\LineIndex.cpp" />
    <ClCompile Include="SP\ProcedureASTNode.cpp" />
    <ClCompile Include="SP\ProcedureIndex.cpp" />
    <ClCompile Include="SP\ProgramNode.cpp" />
    <ClCompile Include="SP\ReadStatementASTNode.cpp" />
    <ClCompile Include="SP\SourceLexer.cpp" />
    <ClCompile Include="SP\SourceToken.cpp" />
    <ClCompile Include="SP\StatementASTNode.cpp" />
    <ClCompile Include="SP\VariableIndex.cpp" />
    <ClCompile Include="SP\WhileStatementASTNode.cpp" />
    <ClCompile Include="Utils\expression\ExactExprSpec.cpp" />
    <ClCompile Include="Utils\expression\PartialExprSpec.cpp" />
    <ClCompile Include="Utils\expression\Expr.cpp" />
    <ClCompile Include="QPS\DataRetriever.cpp" />
    <ClCompile Include="QPS\Clause.cpp" />
    <ClCompile Include="Utils\expression\ExprSpec.cpp" />
    <ClCompile Include="QPS\QueryEvaluator.cpp" />
    <ClCompile Include="QPS\reference\AssignRef.cpp" />
    <ClCompile Include="QPS\reference\CallRef.cpp" />
    <ClCompile Include="QPS\reference\IfRef.cpp" />
    <ClCompile Include="PKB\PKB.cpp" />
    <ClCompile Include="PKB\ReadPKBManager.cpp" />
    <ClCompile Include="PKB\WritePKBManager.cpp" />
    <ClCompile Include="PKB\store\PVRelationStore.cpp" />
    <ClCompile Include="PKB\store\SVRelationStore.cpp" />
    <ClCompile Include="PKB\manager\StatementManager.cpp" />
    <ClCompile Include="PKB\manager\UsesManager.cpp" />
    <ClCompile Include="PKB\manager\ModifiesManager.cpp" />
    <ClCompile Include="QPS\pattern\Pattern.cpp" />
    <ClCompile Include="QPS\Query.cpp" />
    <ClCompile Include="QPS\reference\ConstRef.cpp" />
    <ClCompile Include="QPS\reference\IntValueableRef.cpp" />
    <ClCompile Include="QPS\reference\PrintRef.cpp" />
    <ClCompile Include="QPS\reference\ProcRef.cpp" />
    <ClCompile Include="QPS\reference\ReadRef.cpp" />
    <ClCompile Include="QPS\reference\StmtRef.cpp" />
    <ClCompile Include="QPS\reference\VarRef.cpp" />
    <ClCompile Include="QPS\reference\WhileRef.cpp" />
    <ClCompile Include="SP\SourceParser.cpp" />
    <ClCompile Include="Utils\InvalidTokenException.cpp" />
    <ClCompile Include="Utils\StringTokenizer.cpp" />
    <ClCompile Include="Utils\expression\WildcardExprSpec.cpp" />
    <ClCompile Include="Utils\Token.cpp" />
    <ClCompile Include="Utils\Tokenizer.cpp" />
    <ClCompile Include="SP\AssignStatementASTNode.cpp" />
    <ClCompile Include="SP\IfStatementASTNode.cpp" />
    <ClCompile Include="SP\PrintStatementASTNode.cpp" />
    <ClCompile Include="QPS\parser\QueryLexer.cpp" />
    <ClCompile Include="QPS\parser\QueryParser.cpp" />
    <ClCompile Include="QPS\parser\QueryBuilder.cpp" />
    <ClCompile Include="QPS\parser\SyntaxError.cpp" />
    <ClCompile Include="QPS\parser\SemanticError.cpp" />
    <ClCompile Include="SP\DesignExtractor.cpp" />
    <ClCompile Include="QPS\parser\QueryBuilder.cpp" />
    <ClCompile Include="QPS\parser\QueryLexer.cpp" />
    <ClCompile Include="QPS\parser\QueryParser.cpp" />
    <ClCompile Include="QPS\parser\SyntaxError.cpp" />
    <ClCompile Include="SP\design_extractor\UsesModifiesExtractor.cpp" />
    <ClCompile Include="Utils\algo\SpaAlgo.cpp" />
  </ItemGroup>
  <ItemGroup>
    <ClInclude Include="QPS\query_result\ResType.h" />
    <ClInclude Include="QPS\query_result\ResWrapper.h" />
    <ClInclude Include="QPS\query_result\SetRes.h" />
    <ClInclude Include="QPS\query_result\TableRes.h" />
    <ClInclude Include="QPS\relation\FollowsRel.h" />
    <ClInclude Include="QPS\relation\FollowsTRel.h" />
    <ClInclude Include="QPS\relation\ModifiesPRel.h" />
    <ClInclude Include="QPS\relation\ModifiesSRel.h" />
    <ClInclude Include="QPS\relation\ParentRel.h" />
    <ClInclude Include="QPS\relation\ParentTRel.h" />
    <ClInclude Include="QPS\relation\ProcVarRel.h" />
    <ClInclude Include="QPS\relation\Rel.h" />
    <ClInclude Include="QPS\relation\RelType.h" />
    <ClInclude Include="QPS\relation\StmtStmtRel.h" />
    <ClInclude Include="QPS\relation\StmtVarRel.h" />
    <ClInclude Include="QPS\relation\UsesPRel.h" />
    <ClInclude Include="QPS\relation\UsesSRel.h" />
    <ClInclude Include="QPS\ResultExtractor.h" />
    <ClInclude Include="SP\ASTNode.h" />
    <ClInclude Include="SP\CallStatementASTNode.h" />
    <ClInclude Include="SP\ConditionExpression.h" />
    <ClInclude Include="SP\design_extractor\ConstantExtractor.h" />
    <ClInclude Include="SP\design_extractor\Extractable.h" />
    <ClInclude Include="SP\design_extractor\NodeExtractor.h" />
    <ClInclude Include="SP\LineIndex.h" />
    <ClInclude Include="SP\ProcedureASTNode.h" />
    <ClInclude Include="SP\ProcedureIndex.h" />
    <ClInclude Include="SP\ProgramNode.h" />
    <ClInclude Include="SP\ReadStatementASTNode.h" />
    <ClInclude Include="SP\SourceLexer.h" />
    <ClInclude Include="SP\SourceToken.h" />
    <ClInclude Include="SP\StatementASTNode.h" />
    <ClInclude Include="SP\VariableIndex.h" />
    <ClInclude Include="SP\WhileStatementASTNode.h" />
    <ClInclude Include="Utils\type\TupleType.h" />
    <ClInclude Include="QPS\query_result\QueryResult.h" />
    <ClInclude Include="QPS\query_result\ResTable.h" />
    <ClInclude Include="Utils\expression\ExactExprSpec.h" />
    <ClInclude Include="Utils\expression\PartialExprSpec.h" />
    <ClInclude Include="Utils\expression\Expr.h" />
    <ClInclude Include="QPS\DataRetriever.h" />
    <ClInclude Include="QPS\Clause.h" />
    <ClInclude Include="Utils\expression\ExprSpec.h" />
    <ClInclude Include="QPS\QueryEvaluator.h" />
    <ClInclude Include="QPS\reference\AssignRef.h" />
    <ClInclude Include="QPS\reference\CallRef.h" />
    <ClInclude Include="QPS\reference\IfRef.h" />
    <ClInclude Include="PKB\PKB.h" />
    <ClInclude Include="PKB\ReadPKBManager.h" />
    <ClInclude Include="PKB\WritePKBManager.h" />
    <ClInclude Include="PKB\store\PVRelationStore.h" />
    <ClInclude Include="PKB\store\SVRelationStore.h" />
    <ClInclude Include="PKB\manager\EntityManager.h" />
    <ClInclude Include="PKB\manager\ConstantManager.h" />
    <ClInclude Include="PKB\manager\VariableManager.h" />
    <ClInclude Include="PKB\manager\ProcedureManager.h" />
    <ClInclude Include="PKB\manager\StatementManager.h" />
    <ClInclude Include="PKB\manager\UsesManager.h" />
    <ClInclude Include="PKB\manager\ModifiesManager.h" />
    <ClInclude Include="QPS\pattern\Pattern.h" />
    <ClInclude Include="QPS\Query.h" />
    <ClInclude Include="QPS\reference\ConstRef.h" />
    <ClInclude Include="QPS\reference\IntValueableRef.h" />
    <ClInclude Include="QPS\reference\PrintRef.h" />
    <ClInclude Include="QPS\reference\ProcRef.h" />
    <ClInclude Include="QPS\reference\ReadRef.h" />
    <ClInclude Include="QPS\reference\Ref.h" />
    <ClInclude Include="QPS\reference\RefType.h" />
    <ClInclude Include="QPS\reference\StmtRef.h" />
    <ClInclude Include="QPS\reference\ValType.h" />
    <ClInclude Include="QPS\reference\VarRef.h" />
    <ClInclude Include="QPS\reference\WhileRef.h" />
    <ClInclude Include="SP\SourceParser.h" />
    <ClInclude Include="Utils\InvalidTokenException.h" />
    <ClInclude Include="Utils\StringTokenizer.h" />
    <ClInclude Include="Utils\expression\WildcardExprSpec.h" />
    <ClInclude Include="Utils\Token.h" />
    <ClInclude Include="Utils\Tokenizer.h" />
    <ClInclude Include="Utils\type\RefType.h" />
    <ClInclude Include="SP\AssignStatementASTNode.h" />
    <ClInclude Include="SP\IfStatementASTNode.h" />
    <ClInclude Include="SP\PrintStatementASTNode.h" />
    <ClInclude Include="QPS\parser\QueryLexer.h" />
    <ClInclude Include="QPS\parser\QueryParser.h" />
    <ClInclude Include="QPS\parser\QueryBuilder.h" />
    <ClInclude Include="QPS\parser\SyntaxError.h" />
    <ClInclude Include="QPS\parser\SemanticError.h" />
    <ClInclude Include="SP\DesignExtractor.h" />
    <ClInclude Include="QPS\parser\QueryBuilder.h" />
    <ClInclude Include="QPS\parser\QueryLexer.h" />
    <ClInclude Include="QPS\parser\QueryParser.h" />
    <ClInclude Include="QPS\parser\SyntaxError.h" />
    <ClInclude Include="SP\design_extractor\UsesExtractor.h" />
    <ClInclude Include="Utils\type\TypeDef.h" />
    <ClInclude Include="Utils\algo\SpaAlgo.h" />
  </ItemGroup>
</Project>
